
Microsoft Visual Studio Solution File, Format Version 12.00
# Visual Studio 15
VisualStudioVersion = 15.0.27130.2010
MinimumVisualStudioVersion = 10.0.40219.1
Project("{FAE04EC0-301F-11D3-BF4B-00C04F79EFBC}") = "BinarySearch", "BinarySearch\BinarySearch.csproj", "{5CA24882-43C3-4C65-AE1E-0A01D812E0A3}"
EndProject
Global
	GlobalSection(SolutionConfigurationPlatforms) = preSolution
		Debug|Any CPU = Debug|Any CPU
		Release|Any CPU = Release|Any CPU
	EndGlobalSection
	GlobalSection(ProjectConfigurationPlatforms) = postSolution
		{5CA24882-43C3-4C65-AE1E-0A01D812E0A3}.Debug|Any CPU.ActiveCfg = Debug|Any CPU
		{5CA24882-43C3-4C65-AE1E-0A01D812E0A3}.Debug|Any CPU.Build.0 = Debug|Any CPU
		{5CA24882-43C3-4C65-AE1E-0A01D812E0A3}.Release|Any CPU.ActiveCfg = Release|Any CPU
		{5CA24882-43C3-4C65-AE1E-0A01D812E0A3}.Release|Any CPU.Build.0 = Release|Any CPU
	EndGlobalSection
	GlobalSection(SolutionProperties) = preSolution
		HideSolutionNode = FALSE
	EndGlobalSection
	GlobalSection(ExtensibilityGlobals) = postSolution
		SolutionGuid = {BAC26531-4C1C-47AD-B4B9-4B6F05EB2FF4}
	EndGlobalSection
EndGlobal
