
Microsoft Visual Studio Solution File, Format Version 12.00
# Visual Studio 15
VisualStudioVersion = 15.0.27004.2005
MinimumVisualStudioVersion = 10.0.40219.1
Project("{FAE04EC0-301F-11D3-BF4B-00C04F79EFBC}") = "Convert", "Convert\Convert.csproj", "{34CBB8FF-B0D3-4AFC-AA56-F526C756C00C}"
EndProject
Global
	GlobalSection(SolutionConfigurationPlatforms) = preSolution
		Debug|Any CPU = Debug|Any CPU
		Release|Any CPU = Release|Any CPU
	EndGlobalSection
	GlobalSection(ProjectConfigurationPlatforms) = postSolution
		{34CBB8FF-B0D3-4AFC-AA56-F526C756C00C}.Debug|Any CPU.ActiveCfg = Debug|Any CPU
		{34CBB8FF-B0D3-4AFC-AA56-F526C756C00C}.Debug|Any CPU.Build.0 = Debug|Any CPU
		{34CBB8FF-B0D3-4AFC-AA56-F526C756C00C}.Release|Any CPU.ActiveCfg = Release|Any CPU
		{34CBB8FF-B0D3-4AFC-AA56-F526C756C00C}.Release|Any CPU.Build.0 = Release|Any CPU
	EndGlobalSection
	GlobalSection(SolutionProperties) = preSolution
		HideSolutionNode = FALSE
	EndGlobalSection
	GlobalSection(ExtensibilityGlobals) = postSolution
		SolutionGuid = {D4B347EE-9DB8-4E53-B09A-10AFB1A47FB2}
	EndGlobalSection
EndGlobal
