
Microsoft Visual Studio Solution File, Format Version 12.00
# Visual Studio 15
VisualStudioVersion = 15.0.27004.2005
MinimumVisualStudioVersion = 10.0.40219.1
Project("{FAE04EC0-301F-11D3-BF4B-00C04F79EFBC}") = "DrinksMachine", "DrinksMachine\DrinksMachine.csproj", "{1F398E8C-6946-42AF-828D-EE8E123E67E7}"
EndProject
Global
	GlobalSection(SolutionConfigurationPlatforms) = preSolution
		Debug|Any CPU = Debug|Any CPU
		Release|Any CPU = Release|Any CPU
	EndGlobalSection
	GlobalSection(ProjectConfigurationPlatforms) = postSolution
		{1F398E8C-6946-42AF-828D-EE8E123E67E7}.Debug|Any CPU.ActiveCfg = Debug|Any CPU
		{1F398E8C-6946-42AF-828D-EE8E123E67E7}.Debug|Any CPU.Build.0 = Debug|Any CPU
		{1F398E8C-6946-42AF-828D-EE8E123E67E7}.Release|Any CPU.ActiveCfg = Release|Any CPU
		{1F398E8C-6946-42AF-828D-EE8E123E67E7}.Release|Any CPU.Build.0 = Release|Any CPU
	EndGlobalSection
	GlobalSection(SolutionProperties) = preSolution
		HideSolutionNode = FALSE
	EndGlobalSection
	GlobalSection(ExtensibilityGlobals) = postSolution
		SolutionGuid = {B7039C13-F777-4401-987E-702DF0E2C325}
	EndGlobalSection
EndGlobal
