
Microsoft Visual Studio Solution File, Format Version 12.00
# Visual Studio 15
VisualStudioVersion = 15.0.27004.2005
MinimumVisualStudioVersion = 10.0.40219.1
Project("{FAE04EC0-301F-11D3-BF4B-00C04F79EFBC}") = "Lab5", "Lab5\Lab5.csproj", "{40389ECE-2FAB-42E8-A2B9-59FD5558692B}"
EndProject
Project("{FAE04EC0-301F-11D3-BF4B-00C04F79EFBC}") = "Struct1", "..\Struct1\Struct1\Struct1.csproj", "{1AB1AE7E-F552-4568-8926-95D13AFBF140}"
EndProject
Global
	GlobalSection(SolutionConfigurationPlatforms) = preSolution
		Debug|Any CPU = Debug|Any CPU
		Release|Any CPU = Release|Any CPU
	EndGlobalSection
	GlobalSection(ProjectConfigurationPlatforms) = postSolution
		{40389ECE-2FAB-42E8-A2B9-59FD5558692B}.Debug|Any CPU.ActiveCfg = Debug|Any CPU
		{40389ECE-2FAB-42E8-A2B9-59FD5558692B}.Debug|Any CPU.Build.0 = Debug|Any CPU
		{40389ECE-2FAB-42E8-A2B9-59FD5558692B}.Release|Any CPU.ActiveCfg = Release|Any CPU
		{40389ECE-2FAB-42E8-A2B9-59FD5558692B}.Release|Any CPU.Build.0 = Release|Any CPU
		{1AB1AE7E-F552-4568-8926-95D13AFBF140}.Debug|Any CPU.ActiveCfg = Debug|Any CPU
		{1AB1AE7E-F552-4568-8926-95D13AFBF140}.Debug|Any CPU.Build.0 = Debug|Any CPU
		{1AB1AE7E-F552-4568-8926-95D13AFBF140}.Release|Any CPU.ActiveCfg = Release|Any CPU
		{1AB1AE7E-F552-4568-8926-95D13AFBF140}.Release|Any CPU.Build.0 = Release|Any CPU
	EndGlobalSection
	GlobalSection(SolutionProperties) = preSolution
		HideSolutionNode = FALSE
	EndGlobalSection
	GlobalSection(ExtensibilityGlobals) = postSolution
		SolutionGuid = {14B43728-F8D6-4398-A447-030286D8FFA1}
	EndGlobalSection
EndGlobal
